
Microsoft Visual Studio Solution File, Format Version 12.00
# Visual Studio Version 16
VisualStudioVersion = 16.0.28922.388
MinimumVisualStudioVersion = 10.0.40219.1
Project("{FAE04EC0-301F-11D3-BF4B-00C04F79EFBC}") = "helloworld", "helloworld\helloworld.csproj", "{79D378C6-BC48-45DA-BE5B-C305A0A93FB3}"
EndProject
Global
	GlobalSection(SolutionConfigurationPlatforms) = preSolution
		Debug|Any CPU = Debug|Any CPU
		Release|Any CPU = Release|Any CPU
	EndGlobalSection
	GlobalSection(ProjectConfigurationPlatforms) = postSolution
		{79D378C6-BC48-45DA-BE5B-C305A0A93FB3}.Debug|Any CPU.ActiveCfg = Debug|Any CPU
		{79D378C6-BC48-45DA-BE5B-C305A0A93FB3}.Debug|Any CPU.Build.0 = Debug|Any CPU
		{79D378C6-BC48-45DA-BE5B-C305A0A93FB3}.Release|Any CPU.ActiveCfg = Release|Any CPU
		{79D378C6-BC48-45DA-BE5B-C305A0A93FB3}.Release|Any CPU.Build.0 = Release|Any CPU
	EndGlobalSection
	GlobalSection(SolutionProperties) = preSolution
		HideSolutionNode = FALSE
	EndGlobalSection
	GlobalSection(ExtensibilityGlobals) = postSolution
		SolutionGuid = {159BF782-3153-41F4-A8A9-213804FE6289}
	EndGlobalSection
EndGlobal
